// !$*UTF8*$!
{
	archiveVersion = 1;
	classes = {
	};
	objectVersion = 48;
	objects = {

/* Begin PBXBuildFile section */
		7EFFD79B2008FC35005CEACF /* AppDelegate.m in Sources */ = {isa = PBXBuildFile; fileRef = 7EFFD79A2008FC35005CEACF /* AppDelegate.m */; };
		7EFFD79E2008FC35005CEACF /* ViewController.m in Sources */ = {isa = PBXBuildFile; fileRef = 7EFFD79D2008FC35005CEACF /* ViewController.m */; };
		7EFFD7A12008FC35005CEACF /* Main.storyboard in Resources */ = {isa = PBXBuildFile; fileRef = 7EFFD79F2008FC35005CEACF /* Main.storyboard */; };
		7EFFD7A32008FC35005CEACF /* Assets.xcassets in Resources */ = {isa = PBXBuildFile; fileRef = 7EFFD7A22008FC35005CEACF /* Assets.xcassets */; };
		7EFFD7A62008FC35005CEACF /* LaunchScreen.storyboard in Resources */ = {isa = PBXBuildFile; fileRef = 7EFFD7A42008FC35005CEACF /* LaunchScreen.storyboard */; };
		7EFFD7A92008FC35005CEACF /* main.m in Sources */ = {isa = PBXBuildFile; fileRef = 7EFFD7A82008FC35005CEACF /* main.m */; };
/* End PBXBuildFile section */

/* Begin PBXFileReference section */
		7EFFD7962008FC35005CEACF /* AppenOmMig.app */ = {isa = PBXFileReference; explicitFileType = wrapper.application; includeInIndex = 0; path = AppenOmMig.app; sourceTree = BUILT_PRODUCTS_DIR; };
		7EFFD7992008FC35005CEACF /* AppDelegate.h */ = {isa = PBXFileReference; lastKnownFileType = sourcecode.c.h; path = AppDelegate.h; sourceTree = "<group>"; };
		7EFFD79A2008FC35005CEACF /* AppDelegate.m */ = {isa = PBXFileReference; lastKnownFileType = sourcecode.c.objc; path = AppDelegate.m; sourceTree = "<group>"; };
		7EFFD79C2008FC35005CEACF /* ViewController.h */ = {isa = PBXFileReference; lastKnownFileType = sourcecode.c.h; path = ViewController.h; sourceTree = "<group>"; };
		7EFFD79D2008FC35005CEACF /* ViewController.m */ = {isa = PBXFileReference; lastKnownFileType = sourcecode.c.objc; path = ViewController.m; sourceTree = "<group>"; };
		7EFFD7A02008FC35005CEACF /* Base */ = {isa = PBXFileReference; lastKnownFileType = file.storyboard; name = Base; path = Base.lproj/Main.storyboard; sourceTree = "<group>"; };
		7EFFD7A22008FC35005CEACF /* Assets.xcassets */ = {isa = PBXFileReference; lastKnownFileType = folder.assetcatalog; path = Assets.xcassets; sourceTree = "<group>"; };
		7EFFD7A52008FC35005CEACF /* Base */ = {isa = PBXFileReference; lastKnownFileType = file.storyboard; name = Base; path = Base.lproj/LaunchScreen.storyboard; sourceTree = "<group>"; };
		7EFFD7A72008FC35005CEACF /* Info.plist */ = {isa = PBXFileReference; lastKnownFileType = text.plist.xml; path = Info.plist; sourceTree = "<group>"; };
		7EFFD7A82008FC35005CEACF /* main.m */ = {isa = PBXFileReference; lastKnownFileType = sourcecode.c.objc; path = main.m; sourceTree = "<group>"; };
/* End PBXFileReference section */

/* Begin PBXFrameworksBuildPhase section */
		7EFFD7932008FC35005CEACF /* Frameworks */ = {
			isa = PBXFrameworksBuildPhase;
			buildActionMask = 2147483647;
			files = (
			);
			runOnlyForDeploymentPostprocessing = 0;
		};
/* End PBXFrameworksBuildPhase section */

/* Begin PBXGroup section */
		7EFFD78D2008FC35005CEACF = {
			isa = PBXGroup;
			children = (
				7EFFD7982008FC35005CEACF /* AppenOmMig */,
				7EFFD7972008FC35005CEACF /* Products */,
			);
			sourceTree = "<group>";
		};
		7EFFD7972008FC35005CEACF /* Products */ = {
			isa = PBXGroup;
			children = (
				7EFFD7962008FC35005CEACF /* AppenOmMig.app */,
			);
			name = Products;
			sourceTree = "<group>";
		};
		7EFFD7982008FC35005CEACF /* AppenOmMig */ = {
			isa = PBXGroup;
			children = (
				7EFFD7992008FC35005CEACF /* AppDelegate.h */,
				7EFFD79A2008FC35005CEACF /* AppDelegate.m */,
				7EFFD79C2008FC35005CEACF /* ViewController.h */,
				7EFFD79D2008FC35005CEACF /* ViewController.m */,
				7EFFD79F2008FC35005CEACF /* Main.storyboard */,
				7EFFD7A22008FC35005CEACF /* Assets.xcassets */,
				7EFFD7A42008FC35005CEACF /* LaunchScreen.storyboard */,
				7EFFD7A72008FC35005CEACF /* Info.plist */,
				7EFFD7A82008FC35005CEACF /* main.m */,
			);
			path = AppenOmMig;
			sourceTree = "<group>";
		};
/* End PBXGroup section */

/* Begin PBXNativeTarget section */
		7EFFD7952008FC35005CEACF /* AppenOmMig */ = {
			isa = PBXNativeTarget;
			buildConfigurationList = 7EFFD7AC2008FC35005CEACF /* Build configuration list for PBXNativeTarget "AppenOmMig" */;
			buildPhases = (
				7EFFD7922008FC35005CEACF /* Sources */,
				7EFFD7932008FC35005CEACF /* Frameworks */,
				7EFFD7942008FC35005CEACF /* Resources */,
			);
			buildRules = (
			);
			dependencies = (
			);
			name = AppenOmMig;
			productName = AppenOmMig;
			productReference = 7EFFD7962008FC35005CEACF /* AppenOmMig.app */;
			productType = "com.apple.product-type.application";
		};
/* End PBXNativeTarget section */

/* Begin PBXProject section */
		7EFFD78E2008FC35005CEACF /* Project object */ = {
			isa = PBXProject;
			attributes = {
				LastUpgradeCheck = 0920;
				ORGANIZATIONNAME = "Emma Persson";
				TargetAttributes = {
					7EFFD7952008FC35005CEACF = {
						CreatedOnToolsVersion = 9.2;
						ProvisioningStyle = Automatic;
					};
				};
			};
			buildConfigurationList = 7EFFD7912008FC35005CEACF /* Build configuration list for PBXProject "AppenOmMig" */;
			compatibilityVersion = "Xcode 8.0";
			developmentRegion = en;
			hasScannedForEncodings = 0;
			knownRegions = (
				en,
				Base,
			);
			mainGroup = 7EFFD78D2008FC35005CEACF;
			productRefGroup = 7EFFD7972008FC35005CEACF /* Products */;
			projectDirPath = "";
			projectRoot = "";
			targets = (
				7EFFD7952008FC35005CEACF /* AppenOmMig */,
			);
		};
/* End PBXProject section */

/* Begin PBXResourcesBuildPhase section */
		7EFFD7942008FC35005CEACF /* Resources */ = {
			isa = PBXResourcesBuildPhase;
			buildActionMask = 2147483647;
			files = (
				7EFFD7A62008FC35005CEACF /* LaunchScreen.storyboard in Resources */,
				7EFFD7A32008FC35005CEACF /* Assets.xcassets in Resources */,
				7EFFD7A12008FC35005CEACF /* Main.storyboard in Resources */,
			);
			runOnlyForDeploymentPostprocessing = 0;
		};
/* End PBXResourcesBuildPhase section */

/* Begin PBXSourcesBuildPhase section */
		7EFFD7922008FC35005CEACF /* Sources */ = {
			isa = PBXSourcesBuildPhase;
			buildActionMask = 2147483647;
			files = (
				7EFFD79E2008FC35005CEACF /* ViewController.m in Sources */,
				7EFFD7A92008FC35005CEACF /* main.m in Sources */,
				7EFFD79B2008FC35005CEACF /* AppDelegate.m in Sources */,
			);
			runOnlyForDeploymentPostprocessing = 0;
		};
/* End PBXSourcesBuildPhase section */

/* Begin PBXVariantGroup section */
		7EFFD79F2008FC35005CEACF /* Main.storyboard */ = {
			isa = PBXVariantGroup;
			children = (
				7EFFD7A02008FC35005CEACF /* Base */,
			);
			name = Main.storyboard;
			sourceTree = "<group>";
		};
		7EFFD7A42008FC35005CEACF /* LaunchScreen.storyboard */ = {
			isa = PBXVariantGroup;
			children = (
				7EFFD7A52008FC35005CEACF /* Base */,
			);
			name = LaunchScreen.storyboard;
			sourceTree = "<group>";
		};
/* End PBXVariantGroup section */

/* Begin XCBuildConfiguration section */
		7EFFD7AA2008FC35005CEACF /* Debug */ = {
			isa = XCBuildConfiguration;
			buildSettings = {
				ALWAYS_SEARCH_USER_PATHS = NO;
				CLANG_ANALYZER_NONNULL = YES;
				CLANG_ANALYZER_NUMBER_OBJECT_CONVERSION = YES_AGGRESSIVE;
				CLANG_CXX_LANGUAGE_STANDARD = "gnu++14";
				CLANG_CXX_LIBRARY = "libc++";
				CLANG_ENABLE_MODULES = YES;
				CLANG_ENABLE_OBJC_ARC = YES;
				CLANG_WARN_BLOCK_CAPTURE_AUTORELEASING = YES;
				CLANG_WARN_BOOL_CONVERSION = YES;
				CLANG_WARN_COMMA = YES;
				CLANG_WARN_CONSTANT_CONVERSION = YES;
				CLANG_WARN_DIRECT_OBJC_ISA_USAGE = YES_ERROR;
				CLANG_WARN_DOCUMENTATION_COMMENTS = YES;
				CLANG_WARN_EMPTY_BODY = YES;
				CLANG_WARN_ENUM_CONVERSION = YES;
				CLANG_WARN_INFINITE_RECURSION = YES;
				CLANG_WARN_INT_CONVERSION = YES;
				CLANG_WARN_NON_LITERAL_NULL_CONVERSION = YES;
				CLANG_WARN_OBJC_LITERAL_CONVERSION = YES;
				CLANG_WARN_OBJC_ROOT_CLASS = YES_ERROR;
				CLANG_WARN_RANGE_LOOP_ANALYSIS = YES;
				CLANG_WARN_STRICT_PROTOTYPES = YES;
				CLANG_WARN_SUSPICIOUS_MOVE = YES;
				CLANG_WARN_UNGUARDED_AVAILABILITY = YES_AGGRESSIVE;
				CLANG_WARN_UNREACHABLE_CODE = YES;
				CLANG_WARN__DUPLICATE_METHOD_MATCH = YES;
				CODE_SIGN_IDENTITY = "iPhone Developer";
				COPY_PHASE_STRIP = NO;
				DEBUG_INFORMATION_FORMAT = dwarf;
				ENABLE_STRICT_OBJC_MSGSEND = YES;
				ENABLE_TESTABILITY = YES;
				GCC_C_LANGUAGE_STANDARD = gnu11;
				GCC_DYNAMIC_NO_PIC = NO;
				GCC_NO_COMMON_BLOCKS = YES;
				GCC_OPTIMIZATION_LEVEL = 0;
				GCC_PREPROCESSOR_DEFINITIONS = (
					"DEBUG=1",
					"$(inherited)",
				);
				GCC_WARN_64_TO_32_BIT_CONVERSION = YES;
				GCC_WARN_ABOUT_RETURN_TYPE = YES_ERROR;
				GCC_WARN_UNDECLARED_SELECTOR = YES;
				GCC_WARN_UNINITIALIZED_AUTOS = YES_AGGRESSIVE;
				GCC_WARN_UNUSED_FUNCTION = YES;
				GCC_WARN_UNUSED_VARIABLE = YES;
				IPHONEOS_DEPLOYMENT_TARGET = 11.2;
				MTL_ENABLE_DEBUG_INFO = YES;
				ONLY_ACTIVE_ARCH = YES;
				SDKROOT = iphoneos;
			};
			name = Debug;
		};
		7EFFD7AB2008FC35005CEACF /* Release */ = {
			isa = XCBuildConfiguration;
			buildSettings = {
				ALWAYS_SEARCH_USER_PATHS = NO;
				CLANG_ANALYZER_NONNULL = YES;
				CLANG_ANALYZER_NUMBER_OBJECT_CONVERSION = YES_AGGRESSIVE;
				CLANG_CXX_LANGUAGE_STANDARD = "gnu++14";
				CLANG_CXX_LIBRARY = "libc++";
				CLANG_ENABLE_MODULES = YES;
				CLANG_ENABLE_OBJC_ARC = YES;
				CLANG_WARN_BLOCK_CAPTURE_AUTORELEASING = YES;
				CLANG_WARN_BOOL_CONVERSION = YES;
				CLANG_WARN_COMMA = YES;
				CLANG_WARN_CONSTANT_CONVERSION = YES;
				CLANG_WARN_DIRECT_OBJC_ISA_USAGE = YES_ERROR;
				CLANG_WARN_DOCUMENTATION_COMMENTS = YES;
				CLANG_WARN_EMPTY_BODY = YES;
				CLANG_WARN_ENUM_CONVERSION = YES;
				CLANG_WARN_INFINITE_RECURSION = YES;
				CLANG_WARN_INT_CONVERSION = YES;
				CLANG_WARN_NON_LITERAL_NULL_CONVERSION = YES;
				CLANG_WARN_OBJC_LITERAL_CONVERSION = YES;
				CLANG_WARN_OBJC_ROOT_CLASS = YES_ERROR;
				CLANG_WARN_RANGE_LOOP_ANALYSIS = YES;
				CLANG_WARN_STRICT_PROTOTYPES = YES;
				CLANG_WARN_SUSPICIOUS_MOVE = YES;
				CLANG_WARN_UNGUARDED_AVAILABILITY = YES_AGGRESSIVE;
				CLANG_WARN_UNREACHABLE_CODE = YES;
				CLANG_WARN__DUPLICATE_METHOD_MATCH = YES;
				CODE_SIGN_IDENTITY = "iPhone Developer";
				COPY_PHASE_STRIP = NO;
				DEBUG_INFORMATION_FORMAT = "dwarf-with-dsym";
				ENABLE_NS_ASSERTIONS = NO;
				ENABLE_STRICT_OBJC_MSGSEND = YES;
				GCC_C_LANGUAGE_STANDARD = gnu11;
				GCC_NO_COMMON_BLOCKS = YES;
				GCC_WARN_64_TO_32_BIT_CONVERSION = YES;
				GCC_WARN_ABOUT_RETURN_TYPE = YES_ERROR;
				GCC_WARN_UNDECLARED_SELECTOR = YES;
				GCC_WARN_UNINITIALIZED_AUTOS = YES_AGGRESSIVE;
				GCC_WARN_UNUSED_FUNCTION = YES;
				GCC_WARN_UNUSED_VARIABLE = YES;
				IPHONEOS_DEPLOYMENT_TARGET = 11.2;
				MTL_ENABLE_DEBUG_INFO = NO;
				SDKROOT = iphoneos;
				VALIDATE_PRODUCT = YES;
			};
			name = Release;
		};
		7EFFD7AD2008FC35005CEACF /* Debug */ = {
			isa = XCBuildConfiguration;
			buildSettings = {
				ASSETCATALOG_COMPILER_APPICON_NAME = AppIcon;
				CODE_SIGN_STYLE = Automatic;
				INFOPLIST_FILE = AppenOmMig/Info.plist;
				LD_RUNPATH_SEARCH_PATHS = "$(inherited) @executable_path/Frameworks";
				PRODUCT_BUNDLE_IDENTIFIER = EP.AppenOmMig;
				PRODUCT_NAME = "$(TARGET_NAME)";
				TARGETED_DEVICE_FAMILY = "1,2";
			};
			name = Debug;
		};
		7EFFD7AE2008FC35005CEACF /* Release */ = {
			isa = XCBuildConfiguration;
			buildSettings = {
				ASSETCATALOG_COMPILER_APPICON_NAME = AppIcon;
				CODE_SIGN_STYLE = Automatic;
				INFOPLIST_FILE = AppenOmMig/Info.plist;
				LD_RUNPATH_SEARCH_PATHS = "$(inherited) @executable_path/Frameworks";
				PRODUCT_BUNDLE_IDENTIFIER = EP.AppenOmMig;
				PRODUCT_NAME = "$(TARGET_NAME)";
				TARGETED_DEVICE_FAMILY = "1,2";
			};
			name = Release;
		};
/* End XCBuildConfiguration section */

/* Begin XCConfigurationList section */
		7EFFD7912008FC35005CEACF /* Build configuration list for PBXProject "AppenOmMig" */ = {
			isa = XCConfigurationList;
			buildConfigurations = (
				7EFFD7AA2008FC35005CEACF /* Debug */,
				7EFFD7AB2008FC35005CEACF /* Release */,
			);
			defaultConfigurationIsVisible = 0;
			defaultConfigurationName = Release;
		};
		7EFFD7AC2008FC35005CEACF /* Build configuration list for PBXNativeTarget "AppenOmMig" */ = {
			isa = XCConfigurationList;
			buildConfigurations = (
				7EFFD7AD2008FC35005CEACF /* Debug */,
				7EFFD7AE2008FC35005CEACF /* Release */,
			);
			defaultConfigurationIsVisible = 0;
			defaultConfigurationName = Release;
		};
/* End XCConfigurationList section */
	};
	rootObject = 7EFFD78E2008FC35005CEACF /* Project object */;
}
